
Microsoft Visual Studio Solution File, Format Version 12.00
# Visual Studio 15
Project("{FAE04EC0-301F-11D3-BF4B-00C04F79EFBC}") = "RazorPagesMovie", "RazorPagesMovie\RazorPagesMovie.csproj", "{C14D8794-0AE5-4B53-BC3B-EED080CECEA4}"
EndProject
Global
	GlobalSection(SolutionConfigurationPlatforms) = preSolution
		Debug|Any CPU = Debug|Any CPU
		Release|Any CPU = Release|Any CPU
	EndGlobalSection
	GlobalSection(ProjectConfigurationPlatforms) = postSolution
		{C14D8794-0AE5-4B53-BC3B-EED080CECEA4}.Debug|Any CPU.ActiveCfg = Debug|Any CPU
		{C14D8794-0AE5-4B53-BC3B-EED080CECEA4}.Debug|Any CPU.Build.0 = Debug|Any CPU
		{C14D8794-0AE5-4B53-BC3B-EED080CECEA4}.Release|Any CPU.ActiveCfg = Release|Any CPU
		{C14D8794-0AE5-4B53-BC3B-EED080CECEA4}.Release|Any CPU.Build.0 = Release|Any CPU
	EndGlobalSection
EndGlobal
